
Microsoft Visual Studio Solution File, Format Version 12.00
# Visual Studio Version 17
VisualStudioVersion = 17.7.34024.191
MinimumVisualStudioVersion = 10.0.40219.1
Project("{FAE04EC0-301F-11D3-BF4B-00C04F79EFBC}") = "laba_4", "laba_4\laba_4.csproj", "{094B12C9-D518-48BD-A141-745E065964B8}"
EndProject
Global
	GlobalSection(SolutionConfigurationPlatforms) = preSolution
		Debug|Any CPU = Debug|Any CPU
		Release|Any CPU = Release|Any CPU
	EndGlobalSection
	GlobalSection(ProjectConfigurationPlatforms) = postSolution
		{094B12C9-D518-48BD-A141-745E065964B8}.Debug|Any CPU.ActiveCfg = Debug|Any CPU
		{094B12C9-D518-48BD-A141-745E065964B8}.Debug|Any CPU.Build.0 = Debug|Any CPU
		{094B12C9-D518-48BD-A141-745E065964B8}.Release|Any CPU.ActiveCfg = Release|Any CPU
		{094B12C9-D518-48BD-A141-745E065964B8}.Release|Any CPU.Build.0 = Release|Any CPU
	EndGlobalSection
	GlobalSection(SolutionProperties) = preSolution
		HideSolutionNode = FALSE
	EndGlobalSection
	GlobalSection(ExtensibilityGlobals) = postSolution
		SolutionGuid = {8037D359-DFC1-4EBF-BC1F-A6B7D987FA2B}
	EndGlobalSection
EndGlobal
